{
  "name": "Flipkart_clone",
  "lockfileVersion": 3,
  "requires": true,
  "packages": {
    "": {
      "dependencies": {
        "route.js": "^0.0.1"
      }
    },
    "node_modules/route.js": {
      "version": "0.0.1",
      "resolved": "https://registry.npmjs.org/route.js/-/route.js-0.0.1.tgz",
      "integrity": "sha512-5QGH54YFi9g6pRxIgqdUvHJgzFOwvQm15i64afZB9lncAMeWgj/1sD7xHKF9WtaUrov8e5b3wnTftmx1WaQypQ==",
      "engines": {
        "node": ">= 0.4.0"
      }
    }
  }
}
